// !$*UTF8*$!
{
	archiveVersion = 1;
	classes = {
	};
	objectVersion = 56;
	objects = {

/* Begin PBXBuildFile section */
		1BEC21CB2C151ABB002BBAFC /* ToDoListApp.swift in Sources */ = {isa = PBXBuildFile; fileRef = 1BEC21CA2C151ABB002BBAFC /* ToDoListApp.swift */; };
		1BEC21CD2C151ABB002BBAFC /* MainView.swift in Sources */ = {isa = PBXBuildFile; fileRef = 1BEC21CC2C151ABB002BBAFC /* MainView.swift */; };
		1BEC21CF2C151ABB002BBAFC /* Item.swift in Sources */ = {isa = PBXBuildFile; fileRef = 1BEC21CE2C151ABB002BBAFC /* Item.swift */; };
		1BEC21D12C151AC1002BBAFC /* Assets.xcassets in Resources */ = {isa = PBXBuildFile; fileRef = 1BEC21D02C151AC1002BBAFC /* Assets.xcassets */; };
		1BEC21D42C151AC1002BBAFC /* Preview Assets.xcassets in Resources */ = {isa = PBXBuildFile; fileRef = 1BEC21D32C151AC1002BBAFC /* Preview Assets.xcassets */; };
		1BEC21DC2C151C71002BBAFC /* FirebaseAuth in Frameworks */ = {isa = PBXBuildFile; productRef = 1BEC21DB2C151C71002BBAFC /* FirebaseAuth */; };
		1BEC21DE2C151C71002BBAFC /* FirebaseFirestore in Frameworks */ = {isa = PBXBuildFile; productRef = 1BEC21DD2C151C71002BBAFC /* FirebaseFirestore */; };
		1BEC21E02C151C71002BBAFC /* FirebaseFirestoreSwift in Frameworks */ = {isa = PBXBuildFile; productRef = 1BEC21DF2C151C71002BBAFC /* FirebaseFirestoreSwift */; };
		1BEC21E22C151DA5002BBAFC /* GoogleService-Info.plist in Resources */ = {isa = PBXBuildFile; fileRef = 1BEC21E12C151DA5002BBAFC /* GoogleService-Info.plist */; };
		1BEC21EE2C152136002BBAFC /* LoginView.swift in Sources */ = {isa = PBXBuildFile; fileRef = 1BEC21ED2C152136002BBAFC /* LoginView.swift */; };
		1BEC21F42C1521BA002BBAFC /* Users.swift in Sources */ = {isa = PBXBuildFile; fileRef = 1BEC21F32C1521BA002BBAFC /* Users.swift */; };
		1BEC21F62C1521CF002BBAFC /* ToDoListItem.swift in Sources */ = {isa = PBXBuildFile; fileRef = 1BEC21F52C1521CF002BBAFC /* ToDoListItem.swift */; };
		1BEC21F82C152205002BBAFC /* MainViewViewModel.swift in Sources */ = {isa = PBXBuildFile; fileRef = 1BEC21F72C152205002BBAFC /* MainViewViewModel.swift */; };
		1BEC21FA2C152217002BBAFC /* ToDoListViewViewModel.swift in Sources */ = {isa = PBXBuildFile; fileRef = 1BEC21F92C152217002BBAFC /* ToDoListViewViewModel.swift */; };
		1BEC21FC2C15222A002BBAFC /* NewItemViewViewModel.swift in Sources */ = {isa = PBXBuildFile; fileRef = 1BEC21FB2C15222A002BBAFC /* NewItemViewViewModel.swift */; };
		1BEC21FE2C152236002BBAFC /* ProfileViewViewModel.swift in Sources */ = {isa = PBXBuildFile; fileRef = 1BEC21FD2C152236002BBAFC /* ProfileViewViewModel.swift */; };
		1BEC22002C152248002BBAFC /* LoginViewViewModel.swift in Sources */ = {isa = PBXBuildFile; fileRef = 1BEC21FF2C152248002BBAFC /* LoginViewViewModel.swift */; };
		1BEC22022C152252002BBAFC /* RegisterViewViewModel.swift in Sources */ = {isa = PBXBuildFile; fileRef = 1BEC22012C152252002BBAFC /* RegisterViewViewModel.swift */; };
		1BEC22042C152262002BBAFC /* ToDoListItemViewViewModel.swift in Sources */ = {isa = PBXBuildFile; fileRef = 1BEC22032C152262002BBAFC /* ToDoListItemViewViewModel.swift */; };
		1BEC22092C1526BA002BBAFC /* HeaderViewViewModel.swift in Sources */ = {isa = PBXBuildFile; fileRef = 1BEC22082C1526BA002BBAFC /* HeaderViewViewModel.swift */; };
		1BEC220B2C1526EA002BBAFC /* HeaderView.swift in Sources */ = {isa = PBXBuildFile; fileRef = 1BEC220A2C1526EA002BBAFC /* HeaderView.swift */; };
		1BEC220D2C152AA3002BBAFC /* RegisterView.swift in Sources */ = {isa = PBXBuildFile; fileRef = 1BEC220C2C152AA3002BBAFC /* RegisterView.swift */; };
		1BEC220F2C15310F002BBAFC /* FormButton.swift in Sources */ = {isa = PBXBuildFile; fileRef = 1BEC220E2C15310F002BBAFC /* FormButton.swift */; };
		1BEC22112C153C3A002BBAFC /* Extensions.swift in Sources */ = {isa = PBXBuildFile; fileRef = 1BEC22102C153C3A002BBAFC /* Extensions.swift */; };
		1BEC22132C153F87002BBAFC /* ToDoListView.swift in Sources */ = {isa = PBXBuildFile; fileRef = 1BEC22122C153F87002BBAFC /* ToDoListView.swift */; };
		1BEC22152C1541B5002BBAFC /* ProfileView.swift in Sources */ = {isa = PBXBuildFile; fileRef = 1BEC22142C1541B5002BBAFC /* ProfileView.swift */; };
		1BEC22172C1544C8002BBAFC /* NewItemView.swift in Sources */ = {isa = PBXBuildFile; fileRef = 1BEC22162C1544C8002BBAFC /* NewItemView.swift */; };
		1BEC22192C15C20D002BBAFC /* ToDoListItemView.swift in Sources */ = {isa = PBXBuildFile; fileRef = 1BEC22182C15C20D002BBAFC /* ToDoListItemView.swift */; };
		1BEC221B2C15D33C002BBAFC /* Launch Screen.storyboard in Resources */ = {isa = PBXBuildFile; fileRef = 1BEC221A2C15D33C002BBAFC /* Launch Screen.storyboard */; };
/* End PBXBuildFile section */

/* Begin PBXFileReference section */
		1BEC21C72C151ABB002BBAFC /* ToDoList.app */ = {isa = PBXFileReference; explicitFileType = wrapper.application; includeInIndex = 0; path = ToDoList.app; sourceTree = BUILT_PRODUCTS_DIR; };
		1BEC21CA2C151ABB002BBAFC /* ToDoListApp.swift */ = {isa = PBXFileReference; lastKnownFileType = sourcecode.swift; path = ToDoListApp.swift; sourceTree = "<group>"; };
		1BEC21CC2C151ABB002BBAFC /* MainView.swift */ = {isa = PBXFileReference; lastKnownFileType = sourcecode.swift; path = MainView.swift; sourceTree = "<group>"; };
		1BEC21CE2C151ABB002BBAFC /* Item.swift */ = {isa = PBXFileReference; lastKnownFileType = sourcecode.swift; path = Item.swift; sourceTree = "<group>"; };
		1BEC21D02C151AC1002BBAFC /* Assets.xcassets */ = {isa = PBXFileReference; lastKnownFileType = folder.assetcatalog; path = Assets.xcassets; sourceTree = "<group>"; };
		1BEC21D32C151AC1002BBAFC /* Preview Assets.xcassets */ = {isa = PBXFileReference; lastKnownFileType = folder.assetcatalog; path = "Preview Assets.xcassets"; sourceTree = "<group>"; };
		1BEC21E12C151DA5002BBAFC /* GoogleService-Info.plist */ = {isa = PBXFileReference; fileEncoding = 4; lastKnownFileType = text.plist.xml; name = "GoogleService-Info.plist"; path = "ToDoList/Other/GoogleService-Info.plist"; sourceTree = SOURCE_ROOT; };
		1BEC21ED2C152136002BBAFC /* LoginView.swift */ = {isa = PBXFileReference; lastKnownFileType = sourcecode.swift; path = LoginView.swift; sourceTree = "<group>"; };
		1BEC21F32C1521BA002BBAFC /* Users.swift */ = {isa = PBXFileReference; lastKnownFileType = sourcecode.swift; path = Users.swift; sourceTree = "<group>"; };
		1BEC21F52C1521CF002BBAFC /* ToDoListItem.swift */ = {isa = PBXFileReference; lastKnownFileType = sourcecode.swift; path = ToDoListItem.swift; sourceTree = "<group>"; };
		1BEC21F72C152205002BBAFC /* MainViewViewModel.swift */ = {isa = PBXFileReference; lastKnownFileType = sourcecode.swift; path = MainViewViewModel.swift; sourceTree = "<group>"; };
		1BEC21F92C152217002BBAFC /* ToDoListViewViewModel.swift */ = {isa = PBXFileReference; lastKnownFileType = sourcecode.swift; path = ToDoListViewViewModel.swift; sourceTree = "<group>"; };
		1BEC21FB2C15222A002BBAFC /* NewItemViewViewModel.swift */ = {isa = PBXFileReference; lastKnownFileType = sourcecode.swift; path = NewItemViewViewModel.swift; sourceTree = "<group>"; };
		1BEC21FD2C152236002BBAFC /* ProfileViewViewModel.swift */ = {isa = PBXFileReference; lastKnownFileType = sourcecode.swift; path = ProfileViewViewModel.swift; sourceTree = "<group>"; };
		1BEC21FF2C152248002BBAFC /* LoginViewViewModel.swift */ = {isa = PBXFileReference; lastKnownFileType = sourcecode.swift; path = LoginViewViewModel.swift; sourceTree = "<group>"; };
		1BEC22012C152252002BBAFC /* RegisterViewViewModel.swift */ = {isa = PBXFileReference; lastKnownFileType = sourcecode.swift; path = RegisterViewViewModel.swift; sourceTree = "<group>"; };
		1BEC22032C152262002BBAFC /* ToDoListItemViewViewModel.swift */ = {isa = PBXFileReference; lastKnownFileType = sourcecode.swift; path = ToDoListItemViewViewModel.swift; sourceTree = "<group>"; };
		1BEC22082C1526BA002BBAFC /* HeaderViewViewModel.swift */ = {isa = PBXFileReference; lastKnownFileType = sourcecode.swift; path = HeaderViewViewModel.swift; sourceTree = "<group>"; };
		1BEC220A2C1526EA002BBAFC /* HeaderView.swift */ = {isa = PBXFileReference; lastKnownFileType = sourcecode.swift; path = HeaderView.swift; sourceTree = "<group>"; };
		1BEC220C2C152AA3002BBAFC /* RegisterView.swift */ = {isa = PBXFileReference; lastKnownFileType = sourcecode.swift; path = RegisterView.swift; sourceTree = "<group>"; };
		1BEC220E2C15310F002BBAFC /* FormButton.swift */ = {isa = PBXFileReference; lastKnownFileType = sourcecode.swift; path = FormButton.swift; sourceTree = "<group>"; };
		1BEC22102C153C3A002BBAFC /* Extensions.swift */ = {isa = PBXFileReference; lastKnownFileType = sourcecode.swift; path = Extensions.swift; sourceTree = "<group>"; };
		1BEC22122C153F87002BBAFC /* ToDoListView.swift */ = {isa = PBXFileReference; lastKnownFileType = sourcecode.swift; path = ToDoListView.swift; sourceTree = "<group>"; };
		1BEC22142C1541B5002BBAFC /* ProfileView.swift */ = {isa = PBXFileReference; lastKnownFileType = sourcecode.swift; path = ProfileView.swift; sourceTree = "<group>"; };
		1BEC22162C1544C8002BBAFC /* NewItemView.swift */ = {isa = PBXFileReference; lastKnownFileType = sourcecode.swift; path = NewItemView.swift; sourceTree = "<group>"; };
		1BEC22182C15C20D002BBAFC /* ToDoListItemView.swift */ = {isa = PBXFileReference; lastKnownFileType = sourcecode.swift; path = ToDoListItemView.swift; sourceTree = "<group>"; };
		1BEC221A2C15D33C002BBAFC /* Launch Screen.storyboard */ = {isa = PBXFileReference; lastKnownFileType = file.storyboard; path = "Launch Screen.storyboard"; sourceTree = "<group>"; };
/* End PBXFileReference section */

/* Begin PBXFrameworksBuildPhase section */
		1BEC21C42C151ABB002BBAFC /* Frameworks */ = {
			isa = PBXFrameworksBuildPhase;
			buildActionMask = 2147483647;
			files = (
				1BEC21DC2C151C71002BBAFC /* FirebaseAuth in Frameworks */,
				1BEC21DE2C151C71002BBAFC /* FirebaseFirestore in Frameworks */,
				1BEC21E02C151C71002BBAFC /* FirebaseFirestoreSwift in Frameworks */,
			);
			runOnlyForDeploymentPostprocessing = 0;
		};
/* End PBXFrameworksBuildPhase section */

/* Begin PBXGroup section */
		1BEC21BE2C151ABB002BBAFC = {
			isa = PBXGroup;
			children = (
				1BEC21C92C151ABB002BBAFC /* ToDoList */,
				1BEC21C82C151ABB002BBAFC /* Products */,
			);
			sourceTree = "<group>";
		};
		1BEC21C82C151ABB002BBAFC /* Products */ = {
			isa = PBXGroup;
			children = (
				1BEC21C72C151ABB002BBAFC /* ToDoList.app */,
			);
			name = Products;
			sourceTree = "<group>";
		};
		1BEC21C92C151ABB002BBAFC /* ToDoList */ = {
			isa = PBXGroup;
			children = (
				1BEC21E62C151F67002BBAFC /* Other */,
				1BEC21E52C151F54002BBAFC /* Models */,
				1BEC21E42C151F4A002BBAFC /* ViewModels */,
				1BEC21E32C151F3F002BBAFC /* Views */,
				1BEC21CE2C151ABB002BBAFC /* Item.swift */,
				1BEC21D22C151AC1002BBAFC /* Preview Content */,
			);
			path = ToDoList;
			sourceTree = "<group>";
		};
		1BEC21D22C151AC1002BBAFC /* Preview Content */ = {
			isa = PBXGroup;
			children = (
				1BEC21D32C151AC1002BBAFC /* Preview Assets.xcassets */,
			);
			path = "Preview Content";
			sourceTree = "<group>";
		};
		1BEC21E32C151F3F002BBAFC /* Views */ = {
			isa = PBXGroup;
			children = (
				1BEC21CC2C151ABB002BBAFC /* MainView.swift */,
				1BEC21ED2C152136002BBAFC /* LoginView.swift */,
				1BEC220A2C1526EA002BBAFC /* HeaderView.swift */,
				1BEC220C2C152AA3002BBAFC /* RegisterView.swift */,
				1BEC220E2C15310F002BBAFC /* FormButton.swift */,
				1BEC22122C153F87002BBAFC /* ToDoListView.swift */,
				1BEC22142C1541B5002BBAFC /* ProfileView.swift */,
				1BEC22162C1544C8002BBAFC /* NewItemView.swift */,
				1BEC22182C15C20D002BBAFC /* ToDoListItemView.swift */,
			);
			path = Views;
			sourceTree = "<group>";
		};
		1BEC21E42C151F4A002BBAFC /* ViewModels */ = {
			isa = PBXGroup;
			children = (
				1BEC21F72C152205002BBAFC /* MainViewViewModel.swift */,
				1BEC21F92C152217002BBAFC /* ToDoListViewViewModel.swift */,
				1BEC21FB2C15222A002BBAFC /* NewItemViewViewModel.swift */,
				1BEC21FD2C152236002BBAFC /* ProfileViewViewModel.swift */,
				1BEC21FF2C152248002BBAFC /* LoginViewViewModel.swift */,
				1BEC22012C152252002BBAFC /* RegisterViewViewModel.swift */,
				1BEC22032C152262002BBAFC /* ToDoListItemViewViewModel.swift */,
				1BEC22082C1526BA002BBAFC /* HeaderViewViewModel.swift */,
			);
			path = ViewModels;
			sourceTree = "<group>";
		};
		1BEC21E52C151F54002BBAFC /* Models */ = {
			isa = PBXGroup;
			children = (
				1BEC21F32C1521BA002BBAFC /* Users.swift */,
				1BEC21F52C1521CF002BBAFC /* ToDoListItem.swift */,
			);
			path = Models;
			sourceTree = "<group>";
		};
		1BEC21E62C151F67002BBAFC /* Other */ = {
			isa = PBXGroup;
			children = (
				1BEC21CA2C151ABB002BBAFC /* ToDoListApp.swift */,
				1BEC21D02C151AC1002BBAFC /* Assets.xcassets */,
				1BEC21E12C151DA5002BBAFC /* GoogleService-Info.plist */,
				1BEC22102C153C3A002BBAFC /* Extensions.swift */,
				1BEC221A2C15D33C002BBAFC /* Launch Screen.storyboard */,
			);
			path = Other;
			sourceTree = "<group>";
		};
/* End PBXGroup section */

/* Begin PBXNativeTarget section */
		1BEC21C62C151ABB002BBAFC /* ToDoList */ = {
			isa = PBXNativeTarget;
			buildConfigurationList = 1BEC21D72C151AC1002BBAFC /* Build configuration list for PBXNativeTarget "ToDoList" */;
			buildPhases = (
				1BEC21C32C151ABB002BBAFC /* Sources */,
				1BEC21C42C151ABB002BBAFC /* Frameworks */,
				1BEC21C52C151ABB002BBAFC /* Resources */,
			);
			buildRules = (
			);
			dependencies = (
			);
			name = ToDoList;
			packageProductDependencies = (
				1BEC21DB2C151C71002BBAFC /* FirebaseAuth */,
				1BEC21DD2C151C71002BBAFC /* FirebaseFirestore */,
				1BEC21DF2C151C71002BBAFC /* FirebaseFirestoreSwift */,
			);
			productName = ToDoList;
			productReference = 1BEC21C72C151ABB002BBAFC /* ToDoList.app */;
			productType = "com.apple.product-type.application";
		};
/* End PBXNativeTarget section */

/* Begin PBXProject section */
		1BEC21BF2C151ABB002BBAFC /* Project object */ = {
			isa = PBXProject;
			attributes = {
				BuildIndependentTargetsInParallel = 1;
				LastSwiftUpdateCheck = 1540;
				LastUpgradeCheck = 1540;
				TargetAttributes = {
					1BEC21C62C151ABB002BBAFC = {
						CreatedOnToolsVersion = 15.4;
					};
				};
			};
			buildConfigurationList = 1BEC21C22C151ABB002BBAFC /* Build configuration list for PBXProject "ToDoList" */;
			compatibilityVersion = "Xcode 14.0";
			developmentRegion = en;
			hasScannedForEncodings = 0;
			knownRegions = (
				en,
				Base,
			);
			mainGroup = 1BEC21BE2C151ABB002BBAFC;
			packageReferences = (
				1BEC21DA2C151C71002BBAFC /* XCRemoteSwiftPackageReference "firebase-ios-sdk" */,
			);
			productRefGroup = 1BEC21C82C151ABB002BBAFC /* Products */;
			projectDirPath = "";
			projectRoot = "";
			targets = (
				1BEC21C62C151ABB002BBAFC /* ToDoList */,
			);
		};
/* End PBXProject section */

/* Begin PBXResourcesBuildPhase section */
		1BEC21C52C151ABB002BBAFC /* Resources */ = {
			isa = PBXResourcesBuildPhase;
			buildActionMask = 2147483647;
			files = (
				1BEC21D42C151AC1002BBAFC /* Preview Assets.xcassets in Resources */,
				1BEC21D12C151AC1002BBAFC /* Assets.xcassets in Resources */,
				1BEC221B2C15D33C002BBAFC /* Launch Screen.storyboard in Resources */,
				1BEC21E22C151DA5002BBAFC /* GoogleService-Info.plist in Resources */,
			);
			runOnlyForDeploymentPostprocessing = 0;
		};
/* End PBXResourcesBuildPhase section */

/* Begin PBXSourcesBuildPhase section */
		1BEC21C32C151ABB002BBAFC /* Sources */ = {
			isa = PBXSourcesBuildPhase;
			buildActionMask = 2147483647;
			files = (
				1BEC22092C1526BA002BBAFC /* HeaderViewViewModel.swift in Sources */,
				1BEC220D2C152AA3002BBAFC /* RegisterView.swift in Sources */,
				1BEC21F62C1521CF002BBAFC /* ToDoListItem.swift in Sources */,
				1BEC22022C152252002BBAFC /* RegisterViewViewModel.swift in Sources */,
				1BEC21FE2C152236002BBAFC /* ProfileViewViewModel.swift in Sources */,
				1BEC22002C152248002BBAFC /* LoginViewViewModel.swift in Sources */,
				1BEC21F82C152205002BBAFC /* MainViewViewModel.swift in Sources */,
				1BEC22172C1544C8002BBAFC /* NewItemView.swift in Sources */,
				1BEC22112C153C3A002BBAFC /* Extensions.swift in Sources */,
				1BEC22192C15C20D002BBAFC /* ToDoListItemView.swift in Sources */,
				1BEC21F42C1521BA002BBAFC /* Users.swift in Sources */,
				1BEC21EE2C152136002BBAFC /* LoginView.swift in Sources */,
				1BEC21CD2C151ABB002BBAFC /* MainView.swift in Sources */,
				1BEC21CF2C151ABB002BBAFC /* Item.swift in Sources */,
				1BEC21FA2C152217002BBAFC /* ToDoListViewViewModel.swift in Sources */,
				1BEC220B2C1526EA002BBAFC /* HeaderView.swift in Sources */,
				1BEC220F2C15310F002BBAFC /* FormButton.swift in Sources */,
				1BEC22132C153F87002BBAFC /* ToDoListView.swift in Sources */,
				1BEC21CB2C151ABB002BBAFC /* ToDoListApp.swift in Sources */,
				1BEC22042C152262002BBAFC /* ToDoListItemViewViewModel.swift in Sources */,
				1BEC22152C1541B5002BBAFC /* ProfileView.swift in Sources */,
				1BEC21FC2C15222A002BBAFC /* NewItemViewViewModel.swift in Sources */,
			);
			runOnlyForDeploymentPostprocessing = 0;
		};
/* End PBXSourcesBuildPhase section */

/* Begin XCBuildConfiguration section */
		1BEC21D52C151AC1002BBAFC /* Debug */ = {
			isa = XCBuildConfiguration;
			buildSettings = {
				ALWAYS_SEARCH_USER_PATHS = NO;
				ASSETCATALOG_COMPILER_GENERATE_SWIFT_ASSET_SYMBOL_EXTENSIONS = YES;
				CLANG_ANALYZER_NONNULL = YES;
				CLANG_ANALYZER_NUMBER_OBJECT_CONVERSION = YES_AGGRESSIVE;
				CLANG_CXX_LANGUAGE_STANDARD = "gnu++20";
				CLANG_ENABLE_MODULES = YES;
				CLANG_ENABLE_OBJC_ARC = YES;
				CLANG_ENABLE_OBJC_WEAK = YES;
				CLANG_WARN_BLOCK_CAPTURE_AUTORELEASING = YES;
				CLANG_WARN_BOOL_CONVERSION = YES;
				CLANG_WARN_COMMA = YES;
				CLANG_WARN_CONSTANT_CONVERSION = YES;
				CLANG_WARN_DEPRECATED_OBJC_IMPLEMENTATIONS = YES;
				CLANG_WARN_DIRECT_OBJC_ISA_USAGE = YES_ERROR;
				CLANG_WARN_DOCUMENTATION_COMMENTS = YES;
				CLANG_WARN_EMPTY_BODY = YES;
				CLANG_WARN_ENUM_CONVERSION = YES;
				CLANG_WARN_INFINITE_RECURSION = YES;
				CLANG_WARN_INT_CONVERSION = YES;
				CLANG_WARN_NON_LITERAL_NULL_CONVERSION = YES;
				CLANG_WARN_OBJC_IMPLICIT_RETAIN_SELF = YES;
				CLANG_WARN_OBJC_LITERAL_CONVERSION = YES;
				CLANG_WARN_OBJC_ROOT_CLASS = YES_ERROR;
				CLANG_WARN_QUOTED_INCLUDE_IN_FRAMEWORK_HEADER = YES;
				CLANG_WARN_RANGE_LOOP_ANALYSIS = YES;
				CLANG_WARN_STRICT_PROTOTYPES = YES;
				CLANG_WARN_SUSPICIOUS_MOVE = YES;
				CLANG_WARN_UNGUARDED_AVAILABILITY = YES_AGGRESSIVE;
				CLANG_WARN_UNREACHABLE_CODE = YES;
				CLANG_WARN__DUPLICATE_METHOD_MATCH = YES;
				COPY_PHASE_STRIP = NO;
				DEBUG_INFORMATION_FORMAT = dwarf;
				ENABLE_STRICT_OBJC_MSGSEND = YES;
				ENABLE_TESTABILITY = YES;
				ENABLE_USER_SCRIPT_SANDBOXING = YES;
				GCC_C_LANGUAGE_STANDARD = gnu17;
				GCC_DYNAMIC_NO_PIC = NO;
				GCC_NO_COMMON_BLOCKS = YES;
				GCC_OPTIMIZATION_LEVEL = 0;
				GCC_PREPROCESSOR_DEFINITIONS = (
					"DEBUG=1",
					"$(inherited)",
				);
				GCC_WARN_64_TO_32_BIT_CONVERSION = YES;
				GCC_WARN_ABOUT_RETURN_TYPE = YES_ERROR;
				GCC_WARN_UNDECLARED_SELECTOR = YES;
				GCC_WARN_UNINITIALIZED_AUTOS = YES_AGGRESSIVE;
				GCC_WARN_UNUSED_FUNCTION = YES;
				GCC_WARN_UNUSED_VARIABLE = YES;
				IPHONEOS_DEPLOYMENT_TARGET = 17.5;
				LOCALIZATION_PREFERS_STRING_CATALOGS = YES;
				MTL_ENABLE_DEBUG_INFO = INCLUDE_SOURCE;
				MTL_FAST_MATH = YES;
				ONLY_ACTIVE_ARCH = YES;
				SDKROOT = iphoneos;
				SWIFT_ACTIVE_COMPILATION_CONDITIONS = "DEBUG $(inherited)";
				SWIFT_OPTIMIZATION_LEVEL = "-Onone";
			};
			name = Debug;
		};
		1BEC21D62C151AC1002BBAFC /* Release */ = {
			isa = XCBuildConfiguration;
			buildSettings = {
				ALWAYS_SEARCH_USER_PATHS = NO;
				ASSETCATALOG_COMPILER_GENERATE_SWIFT_ASSET_SYMBOL_EXTENSIONS = YES;
				CLANG_ANALYZER_NONNULL = YES;
				CLANG_ANALYZER_NUMBER_OBJECT_CONVERSION = YES_AGGRESSIVE;
				CLANG_CXX_LANGUAGE_STANDARD = "gnu++20";
				CLANG_ENABLE_MODULES = YES;
				CLANG_ENABLE_OBJC_ARC = YES;
				CLANG_ENABLE_OBJC_WEAK = YES;
				CLANG_WARN_BLOCK_CAPTURE_AUTORELEASING = YES;
				CLANG_WARN_BOOL_CONVERSION = YES;
				CLANG_WARN_COMMA = YES;
				CLANG_WARN_CONSTANT_CONVERSION = YES;
				CLANG_WARN_DEPRECATED_OBJC_IMPLEMENTATIONS = YES;
				CLANG_WARN_DIRECT_OBJC_ISA_USAGE = YES_ERROR;
				CLANG_WARN_DOCUMENTATION_COMMENTS = YES;
				CLANG_WARN_EMPTY_BODY = YES;
				CLANG_WARN_ENUM_CONVERSION = YES;
				CLANG_WARN_INFINITE_RECURSION = YES;
				CLANG_WARN_INT_CONVERSION = YES;
				CLANG_WARN_NON_LITERAL_NULL_CONVERSION = YES;
				CLANG_WARN_OBJC_IMPLICIT_RETAIN_SELF = YES;
				CLANG_WARN_OBJC_LITERAL_CONVERSION = YES;
				CLANG_WARN_OBJC_ROOT_CLASS = YES_ERROR;
				CLANG_WARN_QUOTED_INCLUDE_IN_FRAMEWORK_HEADER = YES;
				CLANG_WARN_RANGE_LOOP_ANALYSIS = YES;
				CLANG_WARN_STRICT_PROTOTYPES = YES;
				CLANG_WARN_SUSPICIOUS_MOVE = YES;
				CLANG_WARN_UNGUARDED_AVAILABILITY = YES_AGGRESSIVE;
				CLANG_WARN_UNREACHABLE_CODE = YES;
				CLANG_WARN__DUPLICATE_METHOD_MATCH = YES;
				COPY_PHASE_STRIP = NO;
				DEBUG_INFORMATION_FORMAT = "dwarf-with-dsym";
				ENABLE_NS_ASSERTIONS = NO;
				ENABLE_STRICT_OBJC_MSGSEND = YES;
				ENABLE_USER_SCRIPT_SANDBOXING = YES;
				GCC_C_LANGUAGE_STANDARD = gnu17;
				GCC_NO_COMMON_BLOCKS = YES;
				GCC_WARN_64_TO_32_BIT_CONVERSION = YES;
				GCC_WARN_ABOUT_RETURN_TYPE = YES_ERROR;
				GCC_WARN_UNDECLARED_SELECTOR = YES;
				GCC_WARN_UNINITIALIZED_AUTOS = YES_AGGRESSIVE;
				GCC_WARN_UNUSED_FUNCTION = YES;
				GCC_WARN_UNUSED_VARIABLE = YES;
				IPHONEOS_DEPLOYMENT_TARGET = 17.5;
				LOCALIZATION_PREFERS_STRING_CATALOGS = YES;
				MTL_ENABLE_DEBUG_INFO = NO;
				MTL_FAST_MATH = YES;
				SDKROOT = iphoneos;
				SWIFT_COMPILATION_MODE = wholemodule;
				VALIDATE_PRODUCT = YES;
			};
			name = Release;
		};
		1BEC21D82C151AC1002BBAFC /* Debug */ = {
			isa = XCBuildConfiguration;
			buildSettings = {
				ASSETCATALOG_COMPILER_APPICON_NAME = AppIcon;
				ASSETCATALOG_COMPILER_GLOBAL_ACCENT_COLOR_NAME = AccentColor;
				CODE_SIGN_STYLE = Automatic;
				CURRENT_PROJECT_VERSION = 1;
				DEVELOPMENT_ASSET_PATHS = "\"ToDoList/Preview Content\"";
				DEVELOPMENT_TEAM = ZN734C423H;
				ENABLE_PREVIEWS = YES;
				GENERATE_INFOPLIST_FILE = YES;
				INFOPLIST_KEY_CFBundleDisplayName = "To Do List";
				INFOPLIST_KEY_LSApplicationCategoryType = "public.app-category.productivity";
				INFOPLIST_KEY_UIApplicationSceneManifest_Generation = YES;
				INFOPLIST_KEY_UIApplicationSupportsIndirectInputEvents = YES;
				INFOPLIST_KEY_UILaunchScreen_Generation = YES;
				INFOPLIST_KEY_UILaunchStoryboardName = "Launch Screen.storyboard";
				INFOPLIST_KEY_UISupportedInterfaceOrientations = UIInterfaceOrientationPortrait;
				LD_RUNPATH_SEARCH_PATHS = (
					"$(inherited)",
					"@executable_path/Frameworks",
				);
				MARKETING_VERSION = 1.0;
				PRODUCT_BUNDLE_IDENTIFIER = OrangeToolsLLC.ToDoList;
				PRODUCT_NAME = "$(TARGET_NAME)";
				SWIFT_EMIT_LOC_STRINGS = YES;
				SWIFT_VERSION = 5.0;
				TARGETED_DEVICE_FAMILY = "1,2";
			};
			name = Debug;
		};
		1BEC21D92C151AC1002BBAFC /* Release */ = {
			isa = XCBuildConfiguration;
			buildSettings = {
				ASSETCATALOG_COMPILER_APPICON_NAME = AppIcon;
				ASSETCATALOG_COMPILER_GLOBAL_ACCENT_COLOR_NAME = AccentColor;
				CODE_SIGN_STYLE = Automatic;
				CURRENT_PROJECT_VERSION = 1;
				DEVELOPMENT_ASSET_PATHS = "\"ToDoList/Preview Content\"";
				DEVELOPMENT_TEAM = ZN734C423H;
				ENABLE_PREVIEWS = YES;
				GENERATE_INFOPLIST_FILE = YES;
				INFOPLIST_KEY_CFBundleDisplayName = "To Do List";
				INFOPLIST_KEY_LSApplicationCategoryType = "public.app-category.productivity";
				INFOPLIST_KEY_UIApplicationSceneManifest_Generation = YES;
				INFOPLIST_KEY_UIApplicationSupportsIndirectInputEvents = YES;
				INFOPLIST_KEY_UILaunchScreen_Generation = YES;
				INFOPLIST_KEY_UILaunchStoryboardName = "Launch Screen.storyboard";
				INFOPLIST_KEY_UISupportedInterfaceOrientations = UIInterfaceOrientationPortrait;
				LD_RUNPATH_SEARCH_PATHS = (
					"$(inherited)",
					"@executable_path/Frameworks",
				);
				MARKETING_VERSION = 1.0;
				PRODUCT_BUNDLE_IDENTIFIER = OrangeToolsLLC.ToDoList;
				PRODUCT_NAME = "$(TARGET_NAME)";
				SWIFT_EMIT_LOC_STRINGS = YES;
				SWIFT_VERSION = 5.0;
				TARGETED_DEVICE_FAMILY = "1,2";
			};
			name = Release;
		};
/* End XCBuildConfiguration section */

/* Begin XCConfigurationList section */
		1BEC21C22C151ABB002BBAFC /* Build configuration list for PBXProject "ToDoList" */ = {
			isa = XCConfigurationList;
			buildConfigurations = (
				1BEC21D52C151AC1002BBAFC /* Debug */,
				1BEC21D62C151AC1002BBAFC /* Release */,
			);
			defaultConfigurationIsVisible = 0;
			defaultConfigurationName = Release;
		};
		1BEC21D72C151AC1002BBAFC /* Build configuration list for PBXNativeTarget "ToDoList" */ = {
			isa = XCConfigurationList;
			buildConfigurations = (
				1BEC21D82C151AC1002BBAFC /* Debug */,
				1BEC21D92C151AC1002BBAFC /* Release */,
			);
			defaultConfigurationIsVisible = 0;
			defaultConfigurationName = Release;
		};
/* End XCConfigurationList section */

/* Begin XCRemoteSwiftPackageReference section */
		1BEC21DA2C151C71002BBAFC /* XCRemoteSwiftPackageReference "firebase-ios-sdk" */ = {
			isa = XCRemoteSwiftPackageReference;
			repositoryURL = "https://github.com/firebase/firebase-ios-sdk";
			requirement = {
				kind = upToNextMajorVersion;
				minimumVersion = 10.27.0;
			};
		};
/* End XCRemoteSwiftPackageReference section */

/* Begin XCSwiftPackageProductDependency section */
		1BEC21DB2C151C71002BBAFC /* FirebaseAuth */ = {
			isa = XCSwiftPackageProductDependency;
			package = 1BEC21DA2C151C71002BBAFC /* XCRemoteSwiftPackageReference "firebase-ios-sdk" */;
			productName = FirebaseAuth;
		};
		1BEC21DD2C151C71002BBAFC /* FirebaseFirestore */ = {
			isa = XCSwiftPackageProductDependency;
			package = 1BEC21DA2C151C71002BBAFC /* XCRemoteSwiftPackageReference "firebase-ios-sdk" */;
			productName = FirebaseFirestore;
		};
		1BEC21DF2C151C71002BBAFC /* FirebaseFirestoreSwift */ = {
			isa = XCSwiftPackageProductDependency;
			package = 1BEC21DA2C151C71002BBAFC /* XCRemoteSwiftPackageReference "firebase-ios-sdk" */;
			productName = FirebaseFirestoreSwift;
		};
/* End XCSwiftPackageProductDependency section */
	};
	rootObject = 1BEC21BF2C151ABB002BBAFC /* Project object */;
}
